
Microsoft Visual Studio Solution File, Format Version 12.00
# Visual Studio Version 16
VisualStudioVersion = 16.0.30128.74
MinimumVisualStudioVersion = 10.0.40219.1
Project("{FAE04EC0-301F-11D3-BF4B-00C04F79EFBC}") = "exerpropostos6", "exerpropostos6\exerpropostos6.csproj", "{76481BDD-17EF-4FE5-8CD8-6E740C5DD21E}"
EndProject
Global
	GlobalSection(SolutionConfigurationPlatforms) = preSolution
		Debug|Any CPU = Debug|Any CPU
		Release|Any CPU = Release|Any CPU
	EndGlobalSection
	GlobalSection(ProjectConfigurationPlatforms) = postSolution
		{76481BDD-17EF-4FE5-8CD8-6E740C5DD21E}.Debug|Any CPU.ActiveCfg = Debug|Any CPU
		{76481BDD-17EF-4FE5-8CD8-6E740C5DD21E}.Debug|Any CPU.Build.0 = Debug|Any CPU
		{76481BDD-17EF-4FE5-8CD8-6E740C5DD21E}.Release|Any CPU.ActiveCfg = Release|Any CPU
		{76481BDD-17EF-4FE5-8CD8-6E740C5DD21E}.Release|Any CPU.Build.0 = Release|Any CPU
	EndGlobalSection
	GlobalSection(SolutionProperties) = preSolution
		HideSolutionNode = FALSE
	EndGlobalSection
	GlobalSection(ExtensibilityGlobals) = postSolution
		SolutionGuid = {23B304FB-4BF3-4D5B-93B6-FEB4AF54BE83}
	EndGlobalSection
EndGlobal
