
Microsoft Visual Studio Solution File, Format Version 12.00
# Visual Studio Version 16
VisualStudioVersion = 16.0.30128.74
MinimumVisualStudioVersion = 10.0.40219.1
Project("{FAE04EC0-301F-11D3-BF4B-00C04F79EFBC}") = "exercicioresolvido2", "exercicioresolvido2\exercicioresolvido2.csproj", "{950EF47E-4161-4832-B8F3-F5009543FCAE}"
EndProject
Global
	GlobalSection(SolutionConfigurationPlatforms) = preSolution
		Debug|Any CPU = Debug|Any CPU
		Release|Any CPU = Release|Any CPU
	EndGlobalSection
	GlobalSection(ProjectConfigurationPlatforms) = postSolution
		{950EF47E-4161-4832-B8F3-F5009543FCAE}.Debug|Any CPU.ActiveCfg = Debug|Any CPU
		{950EF47E-4161-4832-B8F3-F5009543FCAE}.Debug|Any CPU.Build.0 = Debug|Any CPU
		{950EF47E-4161-4832-B8F3-F5009543FCAE}.Release|Any CPU.ActiveCfg = Release|Any CPU
		{950EF47E-4161-4832-B8F3-F5009543FCAE}.Release|Any CPU.Build.0 = Release|Any CPU
	EndGlobalSection
	GlobalSection(SolutionProperties) = preSolution
		HideSolutionNode = FALSE
	EndGlobalSection
	GlobalSection(ExtensibilityGlobals) = postSolution
		SolutionGuid = {567B3E2D-5BEA-4622-B9AA-DA5043825C17}
	EndGlobalSection
EndGlobal
